// !$*UTF8*$!
{
	archiveVersion = 1;
	classes = {
	};
	objectVersion = 55;
	objects = {

/* Begin PBXBuildFile section */
		3417D1432964B15C002F2F36 /* redCircle.png in Resources */ = {isa = PBXBuildFile; fileRef = 3417D1422964B15C002F2F36 /* redCircle.png */; };
		3417D1452964B172002F2F36 /* L1.png in Resources */ = {isa = PBXBuildFile; fileRef = 3417D1442964B172002F2F36 /* L1.png */; };
		3417D1472964B184002F2F36 /* directions.png in Resources */ = {isa = PBXBuildFile; fileRef = 3417D1462964B184002F2F36 /* directions.png */; };
		3417D1492964B18F002F2F36 /* p1.png in Resources */ = {isa = PBXBuildFile; fileRef = 3417D1482964B18F002F2F36 /* p1.png */; };
		3417D14D2964B292002F2F36 /* StoreVC.swift in Sources */ = {isa = PBXBuildFile; fileRef = 3417D14C2964B292002F2F36 /* StoreVC.swift */; };
		3417D14F2964B2C2002F2F36 /* storeCell.swift in Sources */ = {isa = PBXBuildFile; fileRef = 3417D14E2964B2C2002F2F36 /* storeCell.swift */; };
		3481A9DF29544B8F002431C7 /* mainBG.png in Resources */ = {isa = PBXBuildFile; fileRef = 3481A9DE29544B8F002431C7 /* mainBG.png */; };
		3481A9E129544BAF002431C7 /* white.png in Resources */ = {isa = PBXBuildFile; fileRef = 3481A9E029544BAF002431C7 /* white.png */; };
		34CDA8A82977016200C2ADF3 /* RocketViewController.swift in Sources */ = {isa = PBXBuildFile; fileRef = 34CDA8A72977016200C2ADF3 /* RocketViewController.swift */; };
		34CDA8AA2977017800C2ADF3 /* updateRocketViewController.swift in Sources */ = {isa = PBXBuildFile; fileRef = 34CDA8A92977017800C2ADF3 /* updateRocketViewController.swift */; };
		34CDA8B2297703AF00C2ADF3 /* LOGO.png in Resources */ = {isa = PBXBuildFile; fileRef = 34CDA8B1297703AD00C2ADF3 /* LOGO.png */; };
		34CDA8B62977052000C2ADF3 /* uppp.png in Resources */ = {isa = PBXBuildFile; fileRef = 34CDA8B52977052000C2ADF3 /* uppp.png */; };
		530B202B297E57D900115BE6 /* secondSKScene.swift in Sources */ = {isa = PBXBuildFile; fileRef = 530B202A297E57D900115BE6 /* secondSKScene.swift */; };
		530B202D2984136D00115BE6 /* ThirdGame.swift in Sources */ = {isa = PBXBuildFile; fileRef = 530B202C2984136D00115BE6 /* ThirdGame.swift */; };
		530B202F2984138C00115BE6 /* ThirdSKScene.swift in Sources */ = {isa = PBXBuildFile; fileRef = 530B202E2984138C00115BE6 /* ThirdSKScene.swift */; };
		530B20312984166B00115BE6 /* AlertLogout3.swift in Sources */ = {isa = PBXBuildFile; fileRef = 530B20302984166B00115BE6 /* AlertLogout3.swift */; };
		530B203B2989684500115BE6 /* msgP2.swift in Sources */ = {isa = PBXBuildFile; fileRef = 530B203A2989684500115BE6 /* msgP2.swift */; };
		530B203D2989685400115BE6 /* msgP3.swift in Sources */ = {isa = PBXBuildFile; fileRef = 530B203C2989685300115BE6 /* msgP3.swift */; };
		530B203F29896B3B00115BE6 /* longerInPage.swift in Sources */ = {isa = PBXBuildFile; fileRef = 530B203E29896B3B00115BE6 /* longerInPage.swift */; };
		5356502D297728F50043257D /* MyObjectDetector2023.mlmodel in Sources */ = {isa = PBXBuildFile; fileRef = 5356502C297728F50043257D /* MyObjectDetector2023.mlmodel */; };
		536CE5C4295B7C040092962F /* CameraOpen.swift in Sources */ = {isa = PBXBuildFile; fileRef = 536CE5C3295B7C040092962F /* CameraOpen.swift */; };
		536CE5C6295B7D990092962F /* MyObjectDetector20dec.mlmodel in Sources */ = {isa = PBXBuildFile; fileRef = 536CE5C5295B7D990092962F /* MyObjectDetector20dec.mlmodel */; };
		536CE5C8295B7DE80092962F /* FirstGame.swift in Sources */ = {isa = PBXBuildFile; fileRef = 536CE5C7295B7DE80092962F /* FirstGame.swift */; };
		538DDF7F29641B7400562581 /* FirstSKScene.swift in Sources */ = {isa = PBXBuildFile; fileRef = 538DDF7E29641B7400562581 /* FirstSKScene.swift */; };
		538DDF81296423B900562581 /* AlertScs.swift in Sources */ = {isa = PBXBuildFile; fileRef = 538DDF80296423B900562581 /* AlertScs.swift */; };
		538DDF83296423D500562581 /* AlertFail.swift in Sources */ = {isa = PBXBuildFile; fileRef = 538DDF82296423D500562581 /* AlertFail.swift */; };
		539AC02A2968AA9100A56BB8 /* SecondGame.swift in Sources */ = {isa = PBXBuildFile; fileRef = 539AC0292968AA9100A56BB8 /* SecondGame.swift */; };
		539AC02C2968B1BE00A56BB8 /* AlertLogout.swift in Sources */ = {isa = PBXBuildFile; fileRef = 539AC02B2968B1BE00A56BB8 /* AlertLogout.swift */; };
		539AC0302969EE1F00A56BB8 /* alertsuc.png in Resources */ = {isa = PBXBuildFile; fileRef = 539AC02F2969EE1F00A56BB8 /* alertsuc.png */; };
		539AC0322969EE3300A56BB8 /* alertfail.png in Resources */ = {isa = PBXBuildFile; fileRef = 539AC0312969EE3300A56BB8 /* alertfail.png */; };
		539AC03B296A216600A56BB8 /* Fiwin.sks in Resources */ = {isa = PBXBuildFile; fileRef = 539AC039296A216600A56BB8 /* Fiwin.sks */; };
		539AC03C296A216600A56BB8 /* Assets.xcassets in Resources */ = {isa = PBXBuildFile; fileRef = 539AC03A296A216600A56BB8 /* Assets.xcassets */; };
		539AC04C2971C7DA00A56BB8 /* EmptyArray.swift in Sources */ = {isa = PBXBuildFile; fileRef = 539AC04B2971C7DA00A56BB8 /* EmptyArray.swift */; };
		539BD06B29789AA500F6AFCF /* AlertLogout2.swift in Sources */ = {isa = PBXBuildFile; fileRef = 539BD06A29789AA500F6AFCF /* AlertLogout2.swift */; };
		5610D8E32953B09300E046FC /* Profile.swift in Sources */ = {isa = PBXBuildFile; fileRef = 5610D8E22953B09300E046FC /* Profile.swift */; };
		5610D8E52953B0A400E046FC /* Editprofile.swift in Sources */ = {isa = PBXBuildFile; fileRef = 5610D8E42953B0A400E046FC /* Editprofile.swift */; };
		5610D8E72953B0B000E046FC /* Child.swift in Sources */ = {isa = PBXBuildFile; fileRef = 5610D8E62953B0B000E046FC /* Child.swift */; };
		5610D8E92953B0BD00E046FC /* datepicker.swift in Sources */ = {isa = PBXBuildFile; fileRef = 5610D8E82953B0BD00E046FC /* datepicker.swift */; };
		5610D8EB2953B0DF00E046FC /* CodableFirebaseSupport.swift in Sources */ = {isa = PBXBuildFile; fileRef = 5610D8EA2953B0DF00E046FC /* CodableFirebaseSupport.swift */; };
		5610D8EE2953B11100E046FC /* CodableFirebase in Frameworks */ = {isa = PBXBuildFile; productRef = 5610D8ED2953B11100E046FC /* CodableFirebase */; };
		5675477C2953C55100065DB7 /* Pv.swift in Sources */ = {isa = PBXBuildFile; fileRef = 5675477B2953C55100065DB7 /* Pv.swift */; };
		568278D32976DDB80075C75F /* ViewHint.swift in Sources */ = {isa = PBXBuildFile; fileRef = 568278D22976DDB80075C75F /* ViewHint.swift */; };
		56D4B868295DC50B0081A691 /* Gamespage.swift in Sources */ = {isa = PBXBuildFile; fileRef = 56D4B867295DC50B0081A691 /* Gamespage.swift */; };
		A243CBC6294B7DF700ABC146 /* Login.swift in Sources */ = {isa = PBXBuildFile; fileRef = A243CBC5294B7DF700ABC146 /* Login.swift */; };
		A2451FE12976A94900121B5C /* i1ViewController.swift in Sources */ = {isa = PBXBuildFile; fileRef = A2451FE02976A94900121B5C /* i1ViewController.swift */; };
		A2451FE32976B23600121B5C /* i2ViewController.swift in Sources */ = {isa = PBXBuildFile; fileRef = A2451FE22976B23600121B5C /* i2ViewController.swift */; };
		A2451FE52976B29200121B5C /* i3ViewController.swift in Sources */ = {isa = PBXBuildFile; fileRef = A2451FE42976B29200121B5C /* i3ViewController.swift */; };
		A2451FE72976B2B400121B5C /* i4ViewController.swift in Sources */ = {isa = PBXBuildFile; fileRef = A2451FE62976B2B400121B5C /* i4ViewController.swift */; };
		A2451FE92976B2C900121B5C /* i5ViewController.swift in Sources */ = {isa = PBXBuildFile; fileRef = A2451FE82976B2C900121B5C /* i5ViewController.swift */; };
		A2451FEB2976B40800121B5C /* i6ViewController.swift in Sources */ = {isa = PBXBuildFile; fileRef = A2451FEA2976B40800121B5C /* i6ViewController.swift */; };
		A2451FED2976BB4E00121B5C /* G1Alert.swift in Sources */ = {isa = PBXBuildFile; fileRef = A2451FEC2976BB4D00121B5C /* G1Alert.swift */; };
		A2A1C765294DE43600E0D45E /* Validation.swift in Sources */ = {isa = PBXBuildFile; fileRef = A2A1C764294DE43600E0D45E /* Validation.swift */; };
		A2A1C767294F1FD600E0D45E /* resetpw.swift in Sources */ = {isa = PBXBuildFile; fileRef = A2A1C766294F1FD500E0D45E /* resetpw.swift */; };
		A2D5F6C1298D0C5000BD54A2 /* pointdd.png in Resources */ = {isa = PBXBuildFile; fileRef = A2D5F6C0298D0C4F00BD54A2 /* pointdd.png */; };
		F01B054729843AA5003C45AA /* gifNum.gif in Resources */ = {isa = PBXBuildFile; fileRef = F01B054629843AA1003C45AA /* gifNum.gif */; };
		F01B054929843ADC003C45AA /* gifLoad.swift in Sources */ = {isa = PBXBuildFile; fileRef = F01B054829843ADB003C45AA /* gifLoad.swift */; };
		F02AC895294A111300152C07 /* AppDelegate.swift in Sources */ = {isa = PBXBuildFile; fileRef = F02AC894294A111300152C07 /* AppDelegate.swift */; };
		F02AC897294A111300152C07 /* SceneDelegate.swift in Sources */ = {isa = PBXBuildFile; fileRef = F02AC896294A111300152C07 /* SceneDelegate.swift */; };
		F02AC899294A111300152C07 /* ViewController.swift in Sources */ = {isa = PBXBuildFile; fileRef = F02AC898294A111300152C07 /* ViewController.swift */; };
		F02AC89C294A111300152C07 /* Main.storyboard in Resources */ = {isa = PBXBuildFile; fileRef = F02AC89A294A111300152C07 /* Main.storyboard */; };
		F02AC89E294A111600152C07 /* Assets.xcassets in Resources */ = {isa = PBXBuildFile; fileRef = F02AC89D294A111600152C07 /* Assets.xcassets */; };
		F02AC8A1294A111600152C07 /* LaunchScreen.storyboard in Resources */ = {isa = PBXBuildFile; fileRef = F02AC89F294A111600152C07 /* LaunchScreen.storyboard */; };
		F02AC8AC294A111700152C07 /* KawakebTests.swift in Sources */ = {isa = PBXBuildFile; fileRef = F02AC8AB294A111700152C07 /* KawakebTests.swift */; };
		F02AC8B6294A111700152C07 /* KawakebUITests.swift in Sources */ = {isa = PBXBuildFile; fileRef = F02AC8B5294A111700152C07 /* KawakebUITests.swift */; };
		F02AC8B8294A111700152C07 /* KawakebUITestsLaunchTests.swift in Sources */ = {isa = PBXBuildFile; fileRef = F02AC8B7294A111700152C07 /* KawakebUITestsLaunchTests.swift */; };
		F02AC8C5294A11E500152C07 /* GoogleService-Info.plist in Resources */ = {isa = PBXBuildFile; fileRef = F02AC8C4294A11E500152C07 /* GoogleService-Info.plist */; };
		F02AC8C8294A12E600152C07 /* FirebaseAnalytics in Frameworks */ = {isa = PBXBuildFile; productRef = F02AC8C7294A12E600152C07 /* FirebaseAnalytics */; };
		F02AC8CA294A12E600152C07 /* FirebaseAnalyticsOnDeviceConversion in Frameworks */ = {isa = PBXBuildFile; productRef = F02AC8C9294A12E600152C07 /* FirebaseAnalyticsOnDeviceConversion */; };
		F02AC8CC294A12E600152C07 /* FirebaseAnalyticsSwift in Frameworks */ = {isa = PBXBuildFile; productRef = F02AC8CB294A12E600152C07 /* FirebaseAnalyticsSwift */; };
		F02AC8CE294A12E600152C07 /* FirebaseAnalyticsWithoutAdIdSupport in Frameworks */ = {isa = PBXBuildFile; productRef = F02AC8CD294A12E600152C07 /* FirebaseAnalyticsWithoutAdIdSupport */; };
		F02AC8D0294A12E600152C07 /* FirebaseAppCheck in Frameworks */ = {isa = PBXBuildFile; productRef = F02AC8CF294A12E600152C07 /* FirebaseAppCheck */; };
		F02AC8D2294A12E600152C07 /* FirebaseAppDistribution-Beta in Frameworks */ = {isa = PBXBuildFile; productRef = F02AC8D1294A12E600152C07 /* FirebaseAppDistribution-Beta */; };
		F02AC8D4294A12E600152C07 /* FirebaseAuth in Frameworks */ = {isa = PBXBuildFile; productRef = F02AC8D3294A12E600152C07 /* FirebaseAuth */; };
		F02AC8D6294A12E600152C07 /* FirebaseAuthCombine-Community in Frameworks */ = {isa = PBXBuildFile; productRef = F02AC8D5294A12E600152C07 /* FirebaseAuthCombine-Community */; };
		F02AC8D8294A12E600152C07 /* FirebaseCrashlytics in Frameworks */ = {isa = PBXBuildFile; productRef = F02AC8D7294A12E600152C07 /* FirebaseCrashlytics */; };
		F02AC8DA294A12E600152C07 /* FirebaseDatabase in Frameworks */ = {isa = PBXBuildFile; productRef = F02AC8D9294A12E600152C07 /* FirebaseDatabase */; };
		F02AC8DC294A12E600152C07 /* FirebaseDatabaseSwift in Frameworks */ = {isa = PBXBuildFile; productRef = F02AC8DB294A12E600152C07 /* FirebaseDatabaseSwift */; };
		F02AC8DE294A12E600152C07 /* FirebaseDynamicLinks in Frameworks */ = {isa = PBXBuildFile; productRef = F02AC8DD294A12E600152C07 /* FirebaseDynamicLinks */; };
		F02AC8E0294A12E600152C07 /* FirebaseFirestore in Frameworks */ = {isa = PBXBuildFile; productRef = F02AC8DF294A12E600152C07 /* FirebaseFirestore */; };
		F02AC8E2294A12E600152C07 /* FirebaseFirestoreCombine-Community in Frameworks */ = {isa = PBXBuildFile; productRef = F02AC8E1294A12E600152C07 /* FirebaseFirestoreCombine-Community */; };
		F02AC8E4294A12E600152C07 /* FirebaseFirestoreSwift in Frameworks */ = {isa = PBXBuildFile; productRef = F02AC8E3294A12E600152C07 /* FirebaseFirestoreSwift */; };
		F02AC8E6294A12E600152C07 /* FirebaseFunctions in Frameworks */ = {isa = PBXBuildFile; productRef = F02AC8E5294A12E600152C07 /* FirebaseFunctions */; };
		F02AC8E8294A12E600152C07 /* FirebaseFunctionsCombine-Community in Frameworks */ = {isa = PBXBuildFile; productRef = F02AC8E7294A12E600152C07 /* FirebaseFunctionsCombine-Community */; };
		F02AC8EA294A12E600152C07 /* FirebaseInAppMessaging-Beta in Frameworks */ = {isa = PBXBuildFile; productRef = F02AC8E9294A12E600152C07 /* FirebaseInAppMessaging-Beta */; };
		F02AC8EC294A12E600152C07 /* FirebaseInAppMessagingSwift-Beta in Frameworks */ = {isa = PBXBuildFile; productRef = F02AC8EB294A12E600152C07 /* FirebaseInAppMessagingSwift-Beta */; };
		F02AC8EE294A12E600152C07 /* FirebaseInstallations in Frameworks */ = {isa = PBXBuildFile; productRef = F02AC8ED294A12E600152C07 /* FirebaseInstallations */; };
		F02AC8F0294A12E600152C07 /* FirebaseMLModelDownloader in Frameworks */ = {isa = PBXBuildFile; productRef = F02AC8EF294A12E600152C07 /* FirebaseMLModelDownloader */; };
		F02AC8F2294A12E600152C07 /* FirebaseMessaging in Frameworks */ = {isa = PBXBuildFile; productRef = F02AC8F1294A12E600152C07 /* FirebaseMessaging */; };
		F02AC8F4294A12E600152C07 /* FirebasePerformance in Frameworks */ = {isa = PBXBuildFile; productRef = F02AC8F3294A12E600152C07 /* FirebasePerformance */; };
		F02AC8F6294A12E600152C07 /* FirebaseRemoteConfig in Frameworks */ = {isa = PBXBuildFile; productRef = F02AC8F5294A12E600152C07 /* FirebaseRemoteConfig */; };
		F02AC8F8294A12E600152C07 /* FirebaseRemoteConfigSwift in Frameworks */ = {isa = PBXBuildFile; productRef = F02AC8F7294A12E600152C07 /* FirebaseRemoteConfigSwift */; };
		F02AC8FA294A12E600152C07 /* FirebaseStorage in Frameworks */ = {isa = PBXBuildFile; productRef = F02AC8F9294A12E600152C07 /* FirebaseStorage */; };
		F02AC8FC294A12E600152C07 /* FirebaseStorageCombine-Community in Frameworks */ = {isa = PBXBuildFile; productRef = F02AC8FB294A12E600152C07 /* FirebaseStorageCombine-Community */; };
		F036CCD52989729600376EBE /* HomePageSound.mp3 in Resources */ = {isa = PBXBuildFile; fileRef = F036CCD42989729600376EBE /* HomePageSound.mp3 */; };
		F036CCD72989738A00376EBE /* msgP1.swift in Sources */ = {isa = PBXBuildFile; fileRef = F036CCD62989738A00376EBE /* msgP1.swift */; };
		F036CCD92989740C00376EBE /* msgP1.mp3 in Resources */ = {isa = PBXBuildFile; fileRef = F036CCD82989740C00376EBE /* msgP1.mp3 */; };
		F036CCDD29897C0500376EBE /* i2VC.mp3 in Resources */ = {isa = PBXBuildFile; fileRef = F036CCDC29897C0500376EBE /* i2VC.mp3 */; };
		F036CCDF29897C9D00376EBE /* i3VC.mp3 in Resources */ = {isa = PBXBuildFile; fileRef = F036CCDE29897C9D00376EBE /* i3VC.mp3 */; };
		F036CCE129897D4900376EBE /* i4VC.mp3 in Resources */ = {isa = PBXBuildFile; fileRef = F036CCE029897D4900376EBE /* i4VC.mp3 */; };
		F036CCE329897D6400376EBE /* i5VC.mp3 in Resources */ = {isa = PBXBuildFile; fileRef = F036CCE229897D6400376EBE /* i5VC.mp3 */; };
		F036CCE529899AE500376EBE /* i1VC.mp3 in Resources */ = {isa = PBXBuildFile; fileRef = F036CCE429899AE500376EBE /* i1VC.mp3 */; };
		F04C9E5D29887C6D00CE150B /* fear_bg.mp3 in Resources */ = {isa = PBXBuildFile; fileRef = F04C9E5C29887C6D00CE150B /* fear_bg.mp3 */; };
		F04C9E6F2989322600CE150B /* ArabicGif5.gif in Resources */ = {isa = PBXBuildFile; fileRef = F04C9E6E2989322500CE150B /* ArabicGif5.gif */; };
		F04C9E752989384300CE150B /* HomeSound.mp3 in Resources */ = {isa = PBXBuildFile; fileRef = F04C9E742989384200CE150B /* HomeSound.mp3 */; };
		F0AE53F4297844C600B8E3C0 /* sucsses.png in Resources */ = {isa = PBXBuildFile; fileRef = F0AE53F3297844C600B8E3C0 /* sucsses.png */; };
		F0AE53F6297844CE00B8E3C0 /* fail.png in Resources */ = {isa = PBXBuildFile; fileRef = F0AE53F5297844CE00B8E3C0 /* fail.png */; };
		F0AE53F82978602C00B8E3C0 /* front.jpeg in Resources */ = {isa = PBXBuildFile; fileRef = F0AE53F72978602C00B8E3C0 /* front.jpeg */; };
		F0AE53FA29787AFC00B8E3C0 /* sketch.png in Resources */ = {isa = PBXBuildFile; fileRef = F0AE53F929787AFC00B8E3C0 /* sketch.png */; };
		F0F20EAE29772A6600B28CC6 /* leeeft.png in Resources */ = {isa = PBXBuildFile; fileRef = F0F20EAD29772A6600B28CC6 /* leeeft.png */; };
		F0F920B1295330F20045A75C /* Globel.swift in Sources */ = {isa = PBXBuildFile; fileRef = F0F920B0295330F20045A75C /* Globel.swift */; };
		F0F920B3295330FE0045A75C /* RegisterViewController.swift in Sources */ = {isa = PBXBuildFile; fileRef = F0F920B2295330FE0045A75C /* RegisterViewController.swift */; };
		F0F920B52953335D0045A75C /* backk.png in Resources */ = {isa = PBXBuildFile; fileRef = F0F920B42953335D0045A75C /* backk.png */; };
		F0F920B72953337A0045A75C /* ours.png in Resources */ = {isa = PBXBuildFile; fileRef = F0F920B62953337A0045A75C /* ours.png */; };
		F0F920B9295333870045A75C /* astro.png in Resources */ = {isa = PBXBuildFile; fileRef = F0F920B8295333870045A75C /* astro.png */; };
		F0F920BB295333970045A75C /* rocket2.png in Resources */ = {isa = PBXBuildFile; fileRef = F0F920BA295333970045A75C /* rocket2.png */; };
		F0F920BD295333A50045A75C /* help.png in Resources */ = {isa = PBXBuildFile; fileRef = F0F920BC295333A50045A75C /* help.png */; };
		F0F920BF295333AF0045A75C /* store.png in Resources */ = {isa = PBXBuildFile; fileRef = F0F920BE295333AF0045A75C /* store.png */; };
		F0F920C1295333B90045A75C /* star11.png in Resources */ = {isa = PBXBuildFile; fileRef = F0F920C0295333B90045A75C /* star11.png */; };
		F0F920C3295333C40045A75C /* mainPage.png in Resources */ = {isa = PBXBuildFile; fileRef = F0F920C2295333C40045A75C /* mainPage.png */; };
		F0F920C5295333EC0045A75C /* star22.png in Resources */ = {isa = PBXBuildFile; fileRef = F0F920C4295333EC0045A75C /* star22.png */; };
		F0F920C7295335060045A75C /* rocket.png in Resources */ = {isa = PBXBuildFile; fileRef = F0F920C6295335060045A75C /* rocket.png */; };
		F0F920C9295335190045A75C /* rocket1.png in Resources */ = {isa = PBXBuildFile; fileRef = F0F920C8295335190045A75C /* rocket1.png */; };
		F0F920D029538AD60045A75C /* RegValidation.swift in Sources */ = {isa = PBXBuildFile; fileRef = F0F920CF29538AD60045A75C /* RegValidation.swift */; };
/* End PBXBuildFile section */

/* Begin PBXContainerItemProxy section */
		F02AC8A8294A111700152C07 /* PBXContainerItemProxy */ = {
			isa = PBXContainerItemProxy;
			containerPortal = F02AC889294A111300152C07 /* Project object */;
			proxyType = 1;
			remoteGlobalIDString = F02AC890294A111300152C07;
			remoteInfo = Kawakeb;
		};
		F02AC8B2294A111700152C07 /* PBXContainerItemProxy */ = {
			isa = PBXContainerItemProxy;
			containerPortal = F02AC889294A111300152C07 /* Project object */;
			proxyType = 1;
			remoteGlobalIDString = F02AC890294A111300152C07;
			remoteInfo = Kawakeb;
		};
/* End PBXContainerItemProxy section */

/* Begin PBXFileReference section */
		3417D1422964B15C002F2F36 /* redCircle.png */ = {isa = PBXFileReference; lastKnownFileType = image.png; path = redCircle.png; sourceTree = "<group>"; };
		3417D1442964B172002F2F36 /* L1.png */ = {isa = PBXFileReference; lastKnownFileType = image.png; path = L1.png; sourceTree = "<group>"; };
		3417D1462964B184002F2F36 /* directions.png */ = {isa = PBXFileReference; lastKnownFileType = image.png; path = directions.png; sourceTree = "<group>"; };
		3417D1482964B18F002F2F36 /* p1.png */ = {isa = PBXFileReference; lastKnownFileType = image.png; path = p1.png; sourceTree = "<group>"; };
		3417D14C2964B292002F2F36 /* StoreVC.swift */ = {isa = PBXFileReference; lastKnownFileType = sourcecode.swift; path = StoreVC.swift; sourceTree = "<group>"; };
		3417D14E2964B2C2002F2F36 /* storeCell.swift */ = {isa = PBXFileReference; lastKnownFileType = sourcecode.swift; path = storeCell.swift; sourceTree = "<group>"; };
		3481A9DE29544B8F002431C7 /* mainBG.png */ = {isa = PBXFileReference; lastKnownFileType = image.png; path = mainBG.png; sourceTree = "<group>"; };
		3481A9E029544BAF002431C7 /* white.png */ = {isa = PBXFileReference; lastKnownFileType = image.png; path = white.png; sourceTree = "<group>"; };
		34CDA8A72977016200C2ADF3 /* RocketViewController.swift */ = {isa = PBXFileReference; lastKnownFileType = sourcecode.swift; path = RocketViewController.swift; sourceTree = "<group>"; };
		34CDA8A92977017800C2ADF3 /* updateRocketViewController.swift */ = {isa = PBXFileReference; lastKnownFileType = sourcecode.swift; path = updateRocketViewController.swift; sourceTree = "<group>"; };
		34CDA8B1297703AD00C2ADF3 /* LOGO.png */ = {isa = PBXFileReference; lastKnownFileType = image.png; path = LOGO.png; sourceTree = "<group>"; };
		34CDA8B52977052000C2ADF3 /* uppp.png */ = {isa = PBXFileReference; lastKnownFileType = image.png; path = uppp.png; sourceTree = "<group>"; };
		530B202A297E57D900115BE6 /* secondSKScene.swift */ = {isa = PBXFileReference; lastKnownFileType = sourcecode.swift; path = secondSKScene.swift; sourceTree = "<group>"; };
		530B202C2984136D00115BE6 /* ThirdGame.swift */ = {isa = PBXFileReference; lastKnownFileType = sourcecode.swift; path = ThirdGame.swift; sourceTree = "<group>"; };
		530B202E2984138C00115BE6 /* ThirdSKScene.swift */ = {isa = PBXFileReference; lastKnownFileType = sourcecode.swift; path = ThirdSKScene.swift; sourceTree = "<group>"; };
		530B20302984166B00115BE6 /* AlertLogout3.swift */ = {isa = PBXFileReference; lastKnownFileType = sourcecode.swift; path = AlertLogout3.swift; sourceTree = "<group>"; };
		530B203A2989684500115BE6 /* msgP2.swift */ = {isa = PBXFileReference; lastKnownFileType = sourcecode.swift; path = msgP2.swift; sourceTree = "<group>"; };
		530B203C2989685300115BE6 /* msgP3.swift */ = {isa = PBXFileReference; lastKnownFileType = sourcecode.swift; path = msgP3.swift; sourceTree = "<group>"; };
		530B203E29896B3B00115BE6 /* longerInPage.swift */ = {isa = PBXFileReference; lastKnownFileType = sourcecode.swift; path = longerInPage.swift; sourceTree = "<group>"; };
		5356502C297728F50043257D /* MyObjectDetector2023.mlmodel */ = {isa = PBXFileReference; lastKnownFileType = file.mlmodel; path = MyObjectDetector2023.mlmodel; sourceTree = "<group>"; };
		536CE5C3295B7C040092962F /* CameraOpen.swift */ = {isa = PBXFileReference; lastKnownFileType = sourcecode.swift; path = CameraOpen.swift; sourceTree = "<group>"; };
		536CE5C5295B7D990092962F /* MyObjectDetector20dec.mlmodel */ = {isa = PBXFileReference; lastKnownFileType = file.mlmodel; path = MyObjectDetector20dec.mlmodel; sourceTree = "<group>"; };
		536CE5C7295B7DE80092962F /* FirstGame.swift */ = {isa = PBXFileReference; lastKnownFileType = sourcecode.swift; path = FirstGame.swift; sourceTree = "<group>"; };
		538DDF7E29641B7400562581 /* FirstSKScene.swift */ = {isa = PBXFileReference; lastKnownFileType = sourcecode.swift; path = FirstSKScene.swift; sourceTree = "<group>"; };
		538DDF80296423B900562581 /* AlertScs.swift */ = {isa = PBXFileReference; lastKnownFileType = sourcecode.swift; path = AlertScs.swift; sourceTree = "<group>"; };
		538DDF82296423D500562581 /* AlertFail.swift */ = {isa = PBXFileReference; lastKnownFileType = sourcecode.swift; path = AlertFail.swift; sourceTree = "<group>"; };
		539AC0292968AA9100A56BB8 /* SecondGame.swift */ = {isa = PBXFileReference; lastKnownFileType = sourcecode.swift; path = SecondGame.swift; sourceTree = "<group>"; };
		539AC02B2968B1BE00A56BB8 /* AlertLogout.swift */ = {isa = PBXFileReference; lastKnownFileType = sourcecode.swift; path = AlertLogout.swift; sourceTree = "<group>"; };
		539AC02F2969EE1F00A56BB8 /* alertsuc.png */ = {isa = PBXFileReference; lastKnownFileType = image.png; path = alertsuc.png; sourceTree = "<group>"; };
		539AC0312969EE3300A56BB8 /* alertfail.png */ = {isa = PBXFileReference; lastKnownFileType = image.png; path = alertfail.png; sourceTree = "<group>"; };
		539AC039296A216600A56BB8 /* Fiwin.sks */ = {isa = PBXFileReference; lastKnownFileType = file.sks; path = Fiwin.sks; sourceTree = "<group>"; };
		539AC03A296A216600A56BB8 /* Assets.xcassets */ = {isa = PBXFileReference; lastKnownFileType = folder.assetcatalog; path = Assets.xcassets; sourceTree = "<group>"; };
		539AC04B2971C7DA00A56BB8 /* EmptyArray.swift */ = {isa = PBXFileReference; lastKnownFileType = sourcecode.swift; path = EmptyArray.swift; sourceTree = "<group>"; };
		539BD06A29789AA500F6AFCF /* AlertLogout2.swift */ = {isa = PBXFileReference; lastKnownFileType = sourcecode.swift; path = AlertLogout2.swift; sourceTree = "<group>"; };
		5610D8E22953B09300E046FC /* Profile.swift */ = {isa = PBXFileReference; lastKnownFileType = sourcecode.swift; path = Profile.swift; sourceTree = "<group>"; };
		5610D8E42953B0A400E046FC /* Editprofile.swift */ = {isa = PBXFileReference; lastKnownFileType = sourcecode.swift; path = Editprofile.swift; sourceTree = "<group>"; };
		5610D8E62953B0B000E046FC /* Child.swift */ = {isa = PBXFileReference; lastKnownFileType = sourcecode.swift; path = Child.swift; sourceTree = "<group>"; };
		5610D8E82953B0BD00E046FC /* datepicker.swift */ = {isa = PBXFileReference; lastKnownFileType = sourcecode.swift; path = datepicker.swift; sourceTree = "<group>"; };
		5610D8EA2953B0DF00E046FC /* CodableFirebaseSupport.swift */ = {isa = PBXFileReference; lastKnownFileType = sourcecode.swift; path = CodableFirebaseSupport.swift; sourceTree = "<group>"; };
		5675477B2953C55100065DB7 /* Pv.swift */ = {isa = PBXFileReference; lastKnownFileType = sourcecode.swift; path = Pv.swift; sourceTree = "<group>"; };
		568278D22976DDB80075C75F /* ViewHint.swift */ = {isa = PBXFileReference; lastKnownFileType = sourcecode.swift; path = ViewHint.swift; sourceTree = "<group>"; };
		56D4B867295DC50B0081A691 /* Gamespage.swift */ = {isa = PBXFileReference; lastKnownFileType = sourcecode.swift; path = Gamespage.swift; sourceTree = "<group>"; };
		A243CBC5294B7DF700ABC146 /* Login.swift */ = {isa = PBXFileReference; lastKnownFileType = sourcecode.swift; path = Login.swift; sourceTree = "<group>"; };
		A2451FE02976A94900121B5C /* i1ViewController.swift */ = {isa = PBXFileReference; lastKnownFileType = sourcecode.swift; path = i1ViewController.swift; sourceTree = "<group>"; };
		A2451FE22976B23600121B5C /* i2ViewController.swift */ = {isa = PBXFileReference; lastKnownFileType = sourcecode.swift; path = i2ViewController.swift; sourceTree = "<group>"; };
		A2451FE42976B29200121B5C /* i3ViewController.swift */ = {isa = PBXFileReference; lastKnownFileType = sourcecode.swift; path = i3ViewController.swift; sourceTree = "<group>"; };
		A2451FE62976B2B400121B5C /* i4ViewController.swift */ = {isa = PBXFileReference; lastKnownFileType = sourcecode.swift; path = i4ViewController.swift; sourceTree = "<group>"; };
		A2451FE82976B2C900121B5C /* i5ViewController.swift */ = {isa = PBXFileReference; lastKnownFileType = sourcecode.swift; path = i5ViewController.swift; sourceTree = "<group>"; };
		A2451FEA2976B40800121B5C /* i6ViewController.swift */ = {isa = PBXFileReference; lastKnownFileType = sourcecode.swift; path = i6ViewController.swift; sourceTree = "<group>"; };
		A2451FEC2976BB4D00121B5C /* G1Alert.swift */ = {isa = PBXFileReference; lastKnownFileType = sourcecode.swift; path = G1Alert.swift; sourceTree = "<group>"; };
		A2A1C764294DE43600E0D45E /* Validation.swift */ = {isa = PBXFileReference; lastKnownFileType = sourcecode.swift; path = Validation.swift; sourceTree = "<group>"; };
		A2A1C766294F1FD500E0D45E /* resetpw.swift */ = {isa = PBXFileReference; lastKnownFileType = sourcecode.swift; path = resetpw.swift; sourceTree = "<group>"; };
		A2D5F6C0298D0C4F00BD54A2 /* pointdd.png */ = {isa = PBXFileReference; lastKnownFileType = image.png; name = pointdd.png; path = ../../pointdd.png; sourceTree = "<group>"; };
		F01B054629843AA1003C45AA /* gifNum.gif */ = {isa = PBXFileReference; lastKnownFileType = image.gif; path = gifNum.gif; sourceTree = "<group>"; };
		F01B054829843ADB003C45AA /* gifLoad.swift */ = {isa = PBXFileReference; lastKnownFileType = sourcecode.swift; path = gifLoad.swift; sourceTree = "<group>"; };
		F02AC891294A111300152C07 /* Kawakeb.app */ = {isa = PBXFileReference; explicitFileType = wrapper.application; includeInIndex = 0; path = Kawakeb.app; sourceTree = BUILT_PRODUCTS_DIR; };
		F02AC894294A111300152C07 /* AppDelegate.swift */ = {isa = PBXFileReference; lastKnownFileType = sourcecode.swift; path = AppDelegate.swift; sourceTree = "<group>"; };
		F02AC896294A111300152C07 /* SceneDelegate.swift */ = {isa = PBXFileReference; lastKnownFileType = sourcecode.swift; path = SceneDelegate.swift; sourceTree = "<group>"; };
		F02AC898294A111300152C07 /* ViewController.swift */ = {isa = PBXFileReference; lastKnownFileType = sourcecode.swift; path = ViewController.swift; sourceTree = "<group>"; };
		F02AC89B294A111300152C07 /* Base */ = {isa = PBXFileReference; lastKnownFileType = file.storyboard; name = Base; path = Base.lproj/Main.storyboard; sourceTree = "<group>"; };
		F02AC89D294A111600152C07 /* Assets.xcassets */ = {isa = PBXFileReference; lastKnownFileType = folder.assetcatalog; path = Assets.xcassets; sourceTree = "<group>"; };
		F02AC8A0294A111600152C07 /* Base */ = {isa = PBXFileReference; lastKnownFileType = file.storyboard; name = Base; path = Base.lproj/LaunchScreen.storyboard; sourceTree = "<group>"; };
		F02AC8A2294A111600152C07 /* Info.plist */ = {isa = PBXFileReference; lastKnownFileType = text.plist.xml; path = Info.plist; sourceTree = "<group>"; };
		F02AC8A7294A111700152C07 /* KawakebTests.xctest */ = {isa = PBXFileReference; explicitFileType = wrapper.cfbundle; includeInIndex = 0; path = KawakebTests.xctest; sourceTree = BUILT_PRODUCTS_DIR; };
		F02AC8AB294A111700152C07 /* KawakebTests.swift */ = {isa = PBXFileReference; lastKnownFileType = sourcecode.swift; path = KawakebTests.swift; sourceTree = "<group>"; };
		F02AC8B1294A111700152C07 /* KawakebUITests.xctest */ = {isa = PBXFileReference; explicitFileType = wrapper.cfbundle; includeInIndex = 0; path = KawakebUITests.xctest; sourceTree = BUILT_PRODUCTS_DIR; };
		F02AC8B5294A111700152C07 /* KawakebUITests.swift */ = {isa = PBXFileReference; lastKnownFileType = sourcecode.swift; path = KawakebUITests.swift; sourceTree = "<group>"; };
		F02AC8B7294A111700152C07 /* KawakebUITestsLaunchTests.swift */ = {isa = PBXFileReference; lastKnownFileType = sourcecode.swift; path = KawakebUITestsLaunchTests.swift; sourceTree = "<group>"; };
		F02AC8C4294A11E500152C07 /* GoogleService-Info.plist */ = {isa = PBXFileReference; fileEncoding = 4; lastKnownFileType = text.plist.xml; path = "GoogleService-Info.plist"; sourceTree = "<group>"; };
		F036CCD42989729600376EBE /* HomePageSound.mp3 */ = {isa = PBXFileReference; lastKnownFileType = audio.mp3; path = HomePageSound.mp3; sourceTree = "<group>"; };
		F036CCD62989738A00376EBE /* msgP1.swift */ = {isa = PBXFileReference; lastKnownFileType = sourcecode.swift; path = msgP1.swift; sourceTree = "<group>"; };
		F036CCD82989740C00376EBE /* msgP1.mp3 */ = {isa = PBXFileReference; lastKnownFileType = audio.mp3; path = msgP1.mp3; sourceTree = "<group>"; };
		F036CCDC29897C0500376EBE /* i2VC.mp3 */ = {isa = PBXFileReference; lastKnownFileType = audio.mp3; path = i2VC.mp3; sourceTree = "<group>"; };
		F036CCDE29897C9D00376EBE /* i3VC.mp3 */ = {isa = PBXFileReference; lastKnownFileType = audio.mp3; path = i3VC.mp3; sourceTree = "<group>"; };
		F036CCE029897D4900376EBE /* i4VC.mp3 */ = {isa = PBXFileReference; lastKnownFileType = audio.mp3; path = i4VC.mp3; sourceTree = "<group>"; };
		F036CCE229897D6400376EBE /* i5VC.mp3 */ = {isa = PBXFileReference; lastKnownFileType = audio.mp3; path = i5VC.mp3; sourceTree = "<group>"; };
		F036CCE429899AE500376EBE /* i1VC.mp3 */ = {isa = PBXFileReference; lastKnownFileType = audio.mp3; path = i1VC.mp3; sourceTree = "<group>"; };
		F04C9E5C29887C6D00CE150B /* fear_bg.mp3 */ = {isa = PBXFileReference; lastKnownFileType = audio.mp3; path = fear_bg.mp3; sourceTree = "<group>"; };
		F04C9E6E2989322500CE150B /* ArabicGif5.gif */ = {isa = PBXFileReference; lastKnownFileType = image.gif; path = ArabicGif5.gif; sourceTree = "<group>"; };
		F04C9E742989384200CE150B /* HomeSound.mp3 */ = {isa = PBXFileReference; lastKnownFileType = audio.mp3; path = HomeSound.mp3; sourceTree = "<group>"; };
		F0AE53F3297844C600B8E3C0 /* sucsses.png */ = {isa = PBXFileReference; lastKnownFileType = image.png; path = sucsses.png; sourceTree = "<group>"; };
		F0AE53F5297844CE00B8E3C0 /* fail.png */ = {isa = PBXFileReference; lastKnownFileType = image.png; path = fail.png; sourceTree = "<group>"; };
		F0AE53F72978602C00B8E3C0 /* front.jpeg */ = {isa = PBXFileReference; lastKnownFileType = image.jpeg; path = front.jpeg; sourceTree = "<group>"; };
		F0AE53F929787AFC00B8E3C0 /* sketch.png */ = {isa = PBXFileReference; lastKnownFileType = image.png; path = sketch.png; sourceTree = "<group>"; };
		F0F20EAD29772A6600B28CC6 /* leeeft.png */ = {isa = PBXFileReference; lastKnownFileType = image.png; path = leeeft.png; sourceTree = "<group>"; };
		F0F920B0295330F20045A75C /* Globel.swift */ = {isa = PBXFileReference; fileEncoding = 4; lastKnownFileType = sourcecode.swift; path = Globel.swift; sourceTree = "<group>"; };
		F0F920B2295330FE0045A75C /* RegisterViewController.swift */ = {isa = PBXFileReference; fileEncoding = 4; lastKnownFileType = sourcecode.swift; path = RegisterViewController.swift; sourceTree = "<group>"; };
		F0F920B42953335D0045A75C /* backk.png */ = {isa = PBXFileReference; lastKnownFileType = image.png; path = backk.png; sourceTree = "<group>"; };
		F0F920B62953337A0045A75C /* ours.png */ = {isa = PBXFileReference; lastKnownFileType = image.png; path = ours.png; sourceTree = "<group>"; };
		F0F920B8295333870045A75C /* astro.png */ = {isa = PBXFileReference; lastKnownFileType = image.png; path = astro.png; sourceTree = "<group>"; };
		F0F920BA295333970045A75C /* rocket2.png */ = {isa = PBXFileReference; lastKnownFileType = image.png; path = rocket2.png; sourceTree = "<group>"; };
		F0F920BC295333A50045A75C /* help.png */ = {isa = PBXFileReference; lastKnownFileType = image.png; path = help.png; sourceTree = "<group>"; };
		F0F920BE295333AF0045A75C /* store.png */ = {isa = PBXFileReference; lastKnownFileType = image.png; path = store.png; sourceTree = "<group>"; };
		F0F920C0295333B90045A75C /* star11.png */ = {isa = PBXFileReference; lastKnownFileType = image.png; path = star11.png; sourceTree = "<group>"; };
		F0F920C2295333C40045A75C /* mainPage.png */ = {isa = PBXFileReference; lastKnownFileType = image.png; path = mainPage.png; sourceTree = "<group>"; };
		F0F920C4295333EC0045A75C /* star22.png */ = {isa = PBXFileReference; lastKnownFileType = image.png; path = star22.png; sourceTree = "<group>"; };
		F0F920C6295335060045A75C /* rocket.png */ = {isa = PBXFileReference; lastKnownFileType = image.png; path = rocket.png; sourceTree = "<group>"; };
		F0F920C8295335190045A75C /* rocket1.png */ = {isa = PBXFileReference; lastKnownFileType = image.png; path = rocket1.png; sourceTree = "<group>"; };
		F0F920CA295335210045A75C /* Inter-Regular.ttf */ = {isa = PBXFileReference; lastKnownFileType = file; path = "Inter-Regular.ttf"; sourceTree = "<group>"; };
		F0F920CF29538AD60045A75C /* RegValidation.swift */ = {isa = PBXFileReference; lastKnownFileType = sourcecode.swift; path = RegValidation.swift; sourceTree = "<group>"; };
/* End PBXFileReference section */

/* Begin PBXFrameworksBuildPhase section */
		F02AC88E294A111300152C07 /* Frameworks */ = {
			isa = PBXFrameworksBuildPhase;
			buildActionMask = 2147483647;
			files = (
				F02AC8DA294A12E600152C07 /* FirebaseDatabase in Frameworks */,
				F02AC8E8294A12E600152C07 /* FirebaseFunctionsCombine-Community in Frameworks */,
				F02AC8E0294A12E600152C07 /* FirebaseFirestore in Frameworks */,
				F02AC8CC294A12E600152C07 /* FirebaseAnalyticsSwift in Frameworks */,
				F02AC8C8294A12E600152C07 /* FirebaseAnalytics in Frameworks */,
				F02AC8CA294A12E600152C07 /* FirebaseAnalyticsOnDeviceConversion in Frameworks */,
				F02AC8F0294A12E600152C07 /* FirebaseMLModelDownloader in Frameworks */,
				F02AC8E4294A12E600152C07 /* FirebaseFirestoreSwift in Frameworks */,
				F02AC8D0294A12E600152C07 /* FirebaseAppCheck in Frameworks */,
				F02AC8CE294A12E600152C07 /* FirebaseAnalyticsWithoutAdIdSupport in Frameworks */,
				F02AC8D4294A12E600152C07 /* FirebaseAuth in Frameworks */,
				F02AC8D8294A12E600152C07 /* FirebaseCrashlytics in Frameworks */,
				F02AC8F8294A12E600152C07 /* FirebaseRemoteConfigSwift in Frameworks */,
				F02AC8EA294A12E600152C07 /* FirebaseInAppMessaging-Beta in Frameworks */,
				5610D8EE2953B11100E046FC /* CodableFirebase in Frameworks */,
				F02AC8DC294A12E600152C07 /* FirebaseDatabaseSwift in Frameworks */,
				F02AC8E6294A12E600152C07 /* FirebaseFunctions in Frameworks */,
				F02AC8FC294A12E600152C07 /* FirebaseStorageCombine-Community in Frameworks */,
				F02AC8F6294A12E600152C07 /* FirebaseRemoteConfig in Frameworks */,
				F02AC8D2294A12E600152C07 /* FirebaseAppDistribution-Beta in Frameworks */,
				F02AC8D6294A12E600152C07 /* FirebaseAuthCombine-Community in Frameworks */,
				F02AC8F4294A12E600152C07 /* FirebasePerformance in Frameworks */,
				F02AC8EC294A12E600152C07 /* FirebaseInAppMessagingSwift-Beta in Frameworks */,
				F02AC8FA294A12E600152C07 /* FirebaseStorage in Frameworks */,
				F02AC8DE294A12E600152C07 /* FirebaseDynamicLinks in Frameworks */,
				F02AC8E2294A12E600152C07 /* FirebaseFirestoreCombine-Community in Frameworks */,
				F02AC8F2294A12E600152C07 /* FirebaseMessaging in Frameworks */,
				F02AC8EE294A12E600152C07 /* FirebaseInstallations in Frameworks */,
			);
			runOnlyForDeploymentPostprocessing = 0;
		};
		F02AC8A4294A111700152C07 /* Frameworks */ = {
			isa = PBXFrameworksBuildPhase;
			buildActionMask = 2147483647;
			files = (
			);
			runOnlyForDeploymentPostprocessing = 0;
		};
		F02AC8AE294A111700152C07 /* Frameworks */ = {
			isa = PBXFrameworksBuildPhase;
			buildActionMask = 2147483647;
			files = (
			);
			runOnlyForDeploymentPostprocessing = 0;
		};
/* End PBXFrameworksBuildPhase section */

/* Begin PBXGroup section */
		F02AC888294A111300152C07 = {
			isa = PBXGroup;
			children = (
				F036CCD62989738A00376EBE /* msgP1.swift */,
				530B203E29896B3B00115BE6 /* longerInPage.swift */,
				530B203C2989685300115BE6 /* msgP3.swift */,
				530B203A2989684500115BE6 /* msgP2.swift */,
				530B20302984166B00115BE6 /* AlertLogout3.swift */,
				530B202E2984138C00115BE6 /* ThirdSKScene.swift */,
				530B202C2984136D00115BE6 /* ThirdGame.swift */,
				530B202A297E57D900115BE6 /* secondSKScene.swift */,
				539BD06A29789AA500F6AFCF /* AlertLogout2.swift */,
				539AC04B2971C7DA00A56BB8 /* EmptyArray.swift */,
				539AC039296A216600A56BB8 /* Fiwin.sks */,
				F04C9E5C29887C6D00CE150B /* fear_bg.mp3 */,
				F04C9E742989384200CE150B /* HomeSound.mp3 */,
				F036CCD82989740C00376EBE /* msgP1.mp3 */,
				F036CCD42989729600376EBE /* HomePageSound.mp3 */,
				F036CCE429899AE500376EBE /* i1VC.mp3 */,
				F036CCDC29897C0500376EBE /* i2VC.mp3 */,
				F036CCDE29897C9D00376EBE /* i3VC.mp3 */,
				F036CCE029897D4900376EBE /* i4VC.mp3 */,
				F036CCE229897D6400376EBE /* i5VC.mp3 */,
				F01B054629843AA1003C45AA /* gifNum.gif */,
				539AC03A296A216600A56BB8 /* Assets.xcassets */,
				F04C9E6E2989322500CE150B /* ArabicGif5.gif */,
				539AC02B2968B1BE00A56BB8 /* AlertLogout.swift */,
				F01B054829843ADB003C45AA /* gifLoad.swift */,
				539AC0292968AA9100A56BB8 /* SecondGame.swift */,
				538DDF82296423D500562581 /* AlertFail.swift */,
				A2451FEC2976BB4D00121B5C /* G1Alert.swift */,
				538DDF80296423B900562581 /* AlertScs.swift */,
				538DDF7E29641B7400562581 /* FirstSKScene.swift */,
				F0F920CF29538AD60045A75C /* RegValidation.swift */,
				F0F920B0295330F20045A75C /* Globel.swift */,
				5356502C297728F50043257D /* MyObjectDetector2023.mlmodel */,
				536CE5C5295B7D990092962F /* MyObjectDetector20dec.mlmodel */,
				F02AC893294A111300152C07 /* Kawakeb */,
				F02AC8AA294A111700152C07 /* KawakebTests */,
				F02AC8B4294A111700152C07 /* KawakebUITests */,
				F02AC892294A111300152C07 /* Products */,
			);
			sourceTree = "<group>";
		};
		F02AC892294A111300152C07 /* Products */ = {
			isa = PBXGroup;
			children = (
				F02AC891294A111300152C07 /* Kawakeb.app */,
				F02AC8A7294A111700152C07 /* KawakebTests.xctest */,
				F02AC8B1294A111700152C07 /* KawakebUITests.xctest */,
			);
			name = Products;
			sourceTree = "<group>";
		};
		F02AC893294A111300152C07 /* Kawakeb */ = {
			isa = PBXGroup;
			children = (
				A243CBC5294B7DF700ABC146 /* Login.swift */,
				5610D8E22953B09300E046FC /* Profile.swift */,
				5610D8E42953B0A400E046FC /* Editprofile.swift */,
				56D4B867295DC50B0081A691 /* Gamespage.swift */,
				5610D8E62953B0B000E046FC /* Child.swift */,
				536CE5C3295B7C040092962F /* CameraOpen.swift */,
				536CE5C7295B7DE80092962F /* FirstGame.swift */,
				5610D8E82953B0BD00E046FC /* datepicker.swift */,
				5610D8EA2953B0DF00E046FC /* CodableFirebaseSupport.swift */,
				F0F920B2295330FE0045A75C /* RegisterViewController.swift */,
				A2A1C766294F1FD500E0D45E /* resetpw.swift */,
				F02AC894294A111300152C07 /* AppDelegate.swift */,
				F02AC896294A111300152C07 /* SceneDelegate.swift */,
				F02AC898294A111300152C07 /* ViewController.swift */,
				F02AC89A294A111300152C07 /* Main.storyboard */,
				A2451FEA2976B40800121B5C /* i6ViewController.swift */,
				A2451FE42976B29200121B5C /* i3ViewController.swift */,
				A2451FE62976B2B400121B5C /* i4ViewController.swift */,
				568278D22976DDB80075C75F /* ViewHint.swift */,
				A2451FE82976B2C900121B5C /* i5ViewController.swift */,
				A2451FE02976A94900121B5C /* i1ViewController.swift */,
				A2451FE22976B23600121B5C /* i2ViewController.swift */,
				3417D14C2964B292002F2F36 /* StoreVC.swift */,
				34CDA8A72977016200C2ADF3 /* RocketViewController.swift */,
				34CDA8A92977017800C2ADF3 /* updateRocketViewController.swift */,
				3417D14E2964B2C2002F2F36 /* storeCell.swift */,
				5675477B2953C55100065DB7 /* Pv.swift */,
				A2A1C764294DE43600E0D45E /* Validation.swift */,
				F0F920CA295335210045A75C /* Inter-Regular.ttf */,
				F02AC89D294A111600152C07 /* Assets.xcassets */,
				3417D1442964B172002F2F36 /* L1.png */,
				539AC02F2969EE1F00A56BB8 /* alertsuc.png */,
				539AC0312969EE3300A56BB8 /* alertfail.png */,
				3417D1422964B15C002F2F36 /* redCircle.png */,
				A2D5F6C0298D0C4F00BD54A2 /* pointdd.png */,
				34CDA8B1297703AD00C2ADF3 /* LOGO.png */,
				34CDA8B52977052000C2ADF3 /* uppp.png */,
				F0AE53F3297844C600B8E3C0 /* sucsses.png */,
				F0F20EAD29772A6600B28CC6 /* leeeft.png */,
				F0AE53F929787AFC00B8E3C0 /* sketch.png */,
				3417D1482964B18F002F2F36 /* p1.png */,
				F0AE53F5297844CE00B8E3C0 /* fail.png */,
				3417D1462964B184002F2F36 /* directions.png */,
				F0F920B42953335D0045A75C /* backk.png */,
				F0AE53F72978602C00B8E3C0 /* front.jpeg */,
				F0F920B62953337A0045A75C /* ours.png */,
				F0F920B8295333870045A75C /* astro.png */,
				F0F920C8295335190045A75C /* rocket1.png */,
				F0F920BA295333970045A75C /* rocket2.png */,
				F0F920C6295335060045A75C /* rocket.png */,
				F0F920BC295333A50045A75C /* help.png */,
				F0F920BE295333AF0045A75C /* store.png */,
				F0F920C0295333B90045A75C /* star11.png */,
				F0F920C4295333EC0045A75C /* star22.png */,
				F0F920C2295333C40045A75C /* mainPage.png */,
				3481A9E029544BAF002431C7 /* white.png */,
				3481A9DE29544B8F002431C7 /* mainBG.png */,
				F02AC8C4294A11E500152C07 /* GoogleService-Info.plist */,
				F02AC89F294A111600152C07 /* LaunchScreen.storyboard */,
				F02AC8A2294A111600152C07 /* Info.plist */,
			);
			path = Kawakeb;
			sourceTree = "<group>";
		};
		F02AC8AA294A111700152C07 /* KawakebTests */ = {
			isa = PBXGroup;
			children = (
				F02AC8AB294A111700152C07 /* KawakebTests.swift */,
			);
			path = KawakebTests;
			sourceTree = "<group>";
		};
		F02AC8B4294A111700152C07 /* KawakebUITests */ = {
			isa = PBXGroup;
			children = (
				F02AC8B5294A111700152C07 /* KawakebUITests.swift */,
				F02AC8B7294A111700152C07 /* KawakebUITestsLaunchTests.swift */,
			);
			path = KawakebUITests;
			sourceTree = "<group>";
		};
/* End PBXGroup section */

/* Begin PBXNativeTarget section */
		F02AC890294A111300152C07 /* Kawakeb */ = {
			isa = PBXNativeTarget;
			buildConfigurationList = F02AC8BB294A111700152C07 /* Build configuration list for PBXNativeTarget "Kawakeb" */;
			buildPhases = (
				F02AC88D294A111300152C07 /* Sources */,
				F02AC88E294A111300152C07 /* Frameworks */,
				F02AC88F294A111300152C07 /* Resources */,
			);
			buildRules = (
			);
			dependencies = (
			);
			name = Kawakeb;
			packageProductDependencies = (
				F02AC8C7294A12E600152C07 /* FirebaseAnalytics */,
				F02AC8C9294A12E600152C07 /* FirebaseAnalyticsOnDeviceConversion */,
				F02AC8CB294A12E600152C07 /* FirebaseAnalyticsSwift */,
				F02AC8CD294A12E600152C07 /* FirebaseAnalyticsWithoutAdIdSupport */,
				F02AC8CF294A12E600152C07 /* FirebaseAppCheck */,
				F02AC8D1294A12E600152C07 /* FirebaseAppDistribution-Beta */,
				F02AC8D3294A12E600152C07 /* FirebaseAuth */,
				F02AC8D5294A12E600152C07 /* FirebaseAuthCombine-Community */,
				F02AC8D7294A12E600152C07 /* FirebaseCrashlytics */,
				F02AC8D9294A12E600152C07 /* FirebaseDatabase */,
				F02AC8DB294A12E600152C07 /* FirebaseDatabaseSwift */,
				F02AC8DD294A12E600152C07 /* FirebaseDynamicLinks */,
				F02AC8DF294A12E600152C07 /* FirebaseFirestore */,
				F02AC8E1294A12E600152C07 /* FirebaseFirestoreCombine-Community */,
				F02AC8E3294A12E600152C07 /* FirebaseFirestoreSwift */,
				F02AC8E5294A12E600152C07 /* FirebaseFunctions */,
				F02AC8E7294A12E600152C07 /* FirebaseFunctionsCombine-Community */,
				F02AC8E9294A12E600152C07 /* FirebaseInAppMessaging-Beta */,
				F02AC8EB294A12E600152C07 /* FirebaseInAppMessagingSwift-Beta */,
				F02AC8ED294A12E600152C07 /* FirebaseInstallations */,
				F02AC8EF294A12E600152C07 /* FirebaseMLModelDownloader */,
				F02AC8F1294A12E600152C07 /* FirebaseMessaging */,
				F02AC8F3294A12E600152C07 /* FirebasePerformance */,
				F02AC8F5294A12E600152C07 /* FirebaseRemoteConfig */,
				F02AC8F7294A12E600152C07 /* FirebaseRemoteConfigSwift */,
				F02AC8F9294A12E600152C07 /* FirebaseStorage */,
				F02AC8FB294A12E600152C07 /* FirebaseStorageCombine-Community */,
				5610D8ED2953B11100E046FC /* CodableFirebase */,
			);
			productName = Kawakeb;
			productReference = F02AC891294A111300152C07 /* Kawakeb.app */;
			productType = "com.apple.product-type.application";
		};
		F02AC8A6294A111700152C07 /* KawakebTests */ = {
			isa = PBXNativeTarget;
			buildConfigurationList = F02AC8BE294A111700152C07 /* Build configuration list for PBXNativeTarget "KawakebTests" */;
			buildPhases = (
				F02AC8A3294A111700152C07 /* Sources */,
				F02AC8A4294A111700152C07 /* Frameworks */,
				F02AC8A5294A111700152C07 /* Resources */,
			);
			buildRules = (
			);
			dependencies = (
				F02AC8A9294A111700152C07 /* PBXTargetDependency */,
			);
			name = KawakebTests;
			productName = KawakebTests;
			productReference = F02AC8A7294A111700152C07 /* KawakebTests.xctest */;
			productType = "com.apple.product-type.bundle.unit-test";
		};
		F02AC8B0294A111700152C07 /* KawakebUITests */ = {
			isa = PBXNativeTarget;
			buildConfigurationList = F02AC8C1294A111700152C07 /* Build configuration list for PBXNativeTarget "KawakebUITests" */;
			buildPhases = (
				F02AC8AD294A111700152C07 /* Sources */,
				F02AC8AE294A111700152C07 /* Frameworks */,
				F02AC8AF294A111700152C07 /* Resources */,
			);
			buildRules = (
			);
			dependencies = (
				F02AC8B3294A111700152C07 /* PBXTargetDependency */,
			);
			name = KawakebUITests;
			productName = KawakebUITests;
			productReference = F02AC8B1294A111700152C07 /* KawakebUITests.xctest */;
			productType = "com.apple.product-type.bundle.ui-testing";
		};
/* End PBXNativeTarget section */

/* Begin PBXProject section */
		F02AC889294A111300152C07 /* Project object */ = {
			isa = PBXProject;
			attributes = {
				BuildIndependentTargetsInParallel = 1;
				LastSwiftUpdateCheck = 1340;
				LastUpgradeCheck = 1340;
				TargetAttributes = {
					F02AC890294A111300152C07 = {
						CreatedOnToolsVersion = 13.4.1;
					};
					F02AC8A6294A111700152C07 = {
						CreatedOnToolsVersion = 13.4.1;
						TestTargetID = F02AC890294A111300152C07;
					};
					F02AC8B0294A111700152C07 = {
						CreatedOnToolsVersion = 13.4.1;
						TestTargetID = F02AC890294A111300152C07;
					};
				};
			};
			buildConfigurationList = F02AC88C294A111300152C07 /* Build configuration list for PBXProject "Kawakeb" */;
			compatibilityVersion = "Xcode 13.0";
			developmentRegion = en;
			hasScannedForEncodings = 0;
			knownRegions = (
				en,
				Base,
			);
			mainGroup = F02AC888294A111300152C07;
			packageReferences = (
				F02AC8C6294A12E600152C07 /* XCRemoteSwiftPackageReference "firebase-ios-sdk" */,
				5610D8EC2953B11100E046FC /* XCRemoteSwiftPackageReference "CodableFirebase" */,
			);
			productRefGroup = F02AC892294A111300152C07 /* Products */;
			projectDirPath = "";
			projectRoot = "";
			targets = (
				F02AC890294A111300152C07 /* Kawakeb */,
				F02AC8A6294A111700152C07 /* KawakebTests */,
				F02AC8B0294A111700152C07 /* KawakebUITests */,
			);
		};
/* End PBXProject section */

/* Begin PBXResourcesBuildPhase section */
		F02AC88F294A111300152C07 /* Resources */ = {
			isa = PBXResourcesBuildPhase;
			buildActionMask = 2147483647;
			files = (
				34CDA8B2297703AF00C2ADF3 /* LOGO.png in Resources */,
				F036CCE529899AE500376EBE /* i1VC.mp3 in Resources */,
				F02AC8A1294A111600152C07 /* LaunchScreen.storyboard in Resources */,
				F0F920C5295333EC0045A75C /* star22.png in Resources */,
				F036CCDF29897C9D00376EBE /* i3VC.mp3 in Resources */,
				F036CCD92989740C00376EBE /* msgP1.mp3 in Resources */,
				F02AC8C5294A11E500152C07 /* GoogleService-Info.plist in Resources */,
				F0F920BB295333970045A75C /* rocket2.png in Resources */,
				34CDA8B62977052000C2ADF3 /* uppp.png in Resources */,
				F036CCE129897D4900376EBE /* i4VC.mp3 in Resources */,
				F0F920C9295335190045A75C /* rocket1.png in Resources */,
				3481A9E129544BAF002431C7 /* white.png in Resources */,
				3481A9DF29544B8F002431C7 /* mainBG.png in Resources */,
				F0F920BF295333AF0045A75C /* store.png in Resources */,
				F01B054729843AA5003C45AA /* gifNum.gif in Resources */,
				F02AC89E294A111600152C07 /* Assets.xcassets in Resources */,
				F0AE53F6297844CE00B8E3C0 /* fail.png in Resources */,
				539AC03B296A216600A56BB8 /* Fiwin.sks in Resources */,
				F036CCE329897D6400376EBE /* i5VC.mp3 in Resources */,
				F0F920B52953335D0045A75C /* backk.png in Resources */,
				F0AE53F4297844C600B8E3C0 /* sucsses.png in Resources */,
				F0F920C1295333B90045A75C /* star11.png in Resources */,
				F036CCD52989729600376EBE /* HomePageSound.mp3 in Resources */,
				F02AC89C294A111300152C07 /* Main.storyboard in Resources */,
				539AC0322969EE3300A56BB8 /* alertfail.png in Resources */,
				3417D1432964B15C002F2F36 /* redCircle.png in Resources */,
				F0F920C3295333C40045A75C /* mainPage.png in Resources */,
				539AC03C296A216600A56BB8 /* Assets.xcassets in Resources */,
				F0F920B72953337A0045A75C /* ours.png in Resources */,
				F036CCDD29897C0500376EBE /* i2VC.mp3 in Resources */,
				F0AE53F82978602C00B8E3C0 /* front.jpeg in Resources */,
				F0F920BD295333A50045A75C /* help.png in Resources */,
				F04C9E752989384300CE150B /* HomeSound.mp3 in Resources */,
				F0F920B9295333870045A75C /* astro.png in Resources */,
				F0F20EAE29772A6600B28CC6 /* leeeft.png in Resources */,
				3417D1472964B184002F2F36 /* directions.png in Resources */,
				3417D1492964B18F002F2F36 /* p1.png in Resources */,
				3417D1452964B172002F2F36 /* L1.png in Resources */,
				F0F920C7295335060045A75C /* rocket.png in Resources */,
				539AC0302969EE1F00A56BB8 /* alertsuc.png in Resources */,
				A2D5F6C1298D0C5000BD54A2 /* pointdd.png in Resources */,
				F0AE53FA29787AFC00B8E3C0 /* sketch.png in Resources */,
				F04C9E5D29887C6D00CE150B /* fear_bg.mp3 in Resources */,
				F04C9E6F2989322600CE150B /* ArabicGif5.gif in Resources */,
			);
			runOnlyForDeploymentPostprocessing = 0;
		};
		F02AC8A5294A111700152C07 /* Resources */ = {
			isa = PBXResourcesBuildPhase;
			buildActionMask = 2147483647;
			files = (
			);
			runOnlyForDeploymentPostprocessing = 0;
		};
		F02AC8AF294A111700152C07 /* Resources */ = {
			isa = PBXResourcesBuildPhase;
			buildActionMask = 2147483647;
			files = (
			);
			runOnlyForDeploymentPostprocessing = 0;
		};
/* End PBXResourcesBuildPhase section */

/* Begin PBXSourcesBuildPhase section */
		F02AC88D294A111300152C07 /* Sources */ = {
			isa = PBXSourcesBuildPhase;
			buildActionMask = 2147483647;
			files = (
				536CE5C6295B7D990092962F /* MyObjectDetector20dec.mlmodel in Sources */,
				F02AC899294A111300152C07 /* ViewController.swift in Sources */,
				5610D8E32953B09300E046FC /* Profile.swift in Sources */,
				5610D8E72953B0B000E046FC /* Child.swift in Sources */,
				F02AC895294A111300152C07 /* AppDelegate.swift in Sources */,
				538DDF81296423B900562581 /* AlertScs.swift in Sources */,
				530B202F2984138C00115BE6 /* ThirdSKScene.swift in Sources */,
				F0F920D029538AD60045A75C /* RegValidation.swift in Sources */,
				530B203F29896B3B00115BE6 /* longerInPage.swift in Sources */,
				5610D8E52953B0A400E046FC /* Editprofile.swift in Sources */,
				536CE5C4295B7C040092962F /* CameraOpen.swift in Sources */,
				F01B054929843ADC003C45AA /* gifLoad.swift in Sources */,
				F02AC897294A111300152C07 /* SceneDelegate.swift in Sources */,
				A2451FED2976BB4E00121B5C /* G1Alert.swift in Sources */,
				F036CCD72989738A00376EBE /* msgP1.swift in Sources */,
				A2451FE52976B29200121B5C /* i3ViewController.swift in Sources */,
				F0F920B3295330FE0045A75C /* RegisterViewController.swift in Sources */,
				5675477C2953C55100065DB7 /* Pv.swift in Sources */,
				A2A1C765294DE43600E0D45E /* Validation.swift in Sources */,
				530B202D2984136D00115BE6 /* ThirdGame.swift in Sources */,
				A2451FE92976B2C900121B5C /* i5ViewController.swift in Sources */,
				5610D8E92953B0BD00E046FC /* datepicker.swift in Sources */,
				539AC02C2968B1BE00A56BB8 /* AlertLogout.swift in Sources */,
				A2451FE32976B23600121B5C /* i2ViewController.swift in Sources */,
				538DDF7F29641B7400562581 /* FirstSKScene.swift in Sources */,
				3417D14F2964B2C2002F2F36 /* storeCell.swift in Sources */,
				A2451FE72976B2B400121B5C /* i4ViewController.swift in Sources */,
				530B202B297E57D900115BE6 /* secondSKScene.swift in Sources */,
				A2A1C767294F1FD600E0D45E /* resetpw.swift in Sources */,
				536CE5C8295B7DE80092962F /* FirstGame.swift in Sources */,
				5610D8EB2953B0DF00E046FC /* CodableFirebaseSupport.swift in Sources */,
				A2451FEB2976B40800121B5C /* i6ViewController.swift in Sources */,
				538DDF83296423D500562581 /* AlertFail.swift in Sources */,
				568278D32976DDB80075C75F /* ViewHint.swift in Sources */,
				539BD06B29789AA500F6AFCF /* AlertLogout2.swift in Sources */,
				A243CBC6294B7DF700ABC146 /* Login.swift in Sources */,
				530B20312984166B00115BE6 /* AlertLogout3.swift in Sources */,
				539AC02A2968AA9100A56BB8 /* SecondGame.swift in Sources */,
				530B203D2989685400115BE6 /* msgP3.swift in Sources */,
				3417D14D2964B292002F2F36 /* StoreVC.swift in Sources */,
				539AC04C2971C7DA00A56BB8 /* EmptyArray.swift in Sources */,
				530B203B2989684500115BE6 /* msgP2.swift in Sources */,
				34CDA8A82977016200C2ADF3 /* RocketViewController.swift in Sources */,
				F0F920B1295330F20045A75C /* Globel.swift in Sources */,
				5356502D297728F50043257D /* MyObjectDetector2023.mlmodel in Sources */,
				34CDA8AA2977017800C2ADF3 /* updateRocketViewController.swift in Sources */,
				A2451FE12976A94900121B5C /* i1ViewController.swift in Sources */,
				56D4B868295DC50B0081A691 /* Gamespage.swift in Sources */,
			);
			runOnlyForDeploymentPostprocessing = 0;
		};
		F02AC8A3294A111700152C07 /* Sources */ = {
			isa = PBXSourcesBuildPhase;
			buildActionMask = 2147483647;
			files = (
				F02AC8AC294A111700152C07 /* KawakebTests.swift in Sources */,
			);
			runOnlyForDeploymentPostprocessing = 0;
		};
		F02AC8AD294A111700152C07 /* Sources */ = {
			isa = PBXSourcesBuildPhase;
			buildActionMask = 2147483647;
			files = (
				F02AC8B6294A111700152C07 /* KawakebUITests.swift in Sources */,
				F02AC8B8294A111700152C07 /* KawakebUITestsLaunchTests.swift in Sources */,
			);
			runOnlyForDeploymentPostprocessing = 0;
		};
/* End PBXSourcesBuildPhase section */

/* Begin PBXTargetDependency section */
		F02AC8A9294A111700152C07 /* PBXTargetDependency */ = {
			isa = PBXTargetDependency;
			target = F02AC890294A111300152C07 /* Kawakeb */;
			targetProxy = F02AC8A8294A111700152C07 /* PBXContainerItemProxy */;
		};
		F02AC8B3294A111700152C07 /* PBXTargetDependency */ = {
			isa = PBXTargetDependency;
			target = F02AC890294A111300152C07 /* Kawakeb */;
			targetProxy = F02AC8B2294A111700152C07 /* PBXContainerItemProxy */;
		};
/* End PBXTargetDependency section */

/* Begin PBXVariantGroup section */
		F02AC89A294A111300152C07 /* Main.storyboard */ = {
			isa = PBXVariantGroup;
			children = (
				F02AC89B294A111300152C07 /* Base */,
			);
			name = Main.storyboard;
			sourceTree = "<group>";
		};
		F02AC89F294A111600152C07 /* LaunchScreen.storyboard */ = {
			isa = PBXVariantGroup;
			children = (
				F02AC8A0294A111600152C07 /* Base */,
			);
			name = LaunchScreen.storyboard;
			sourceTree = "<group>";
		};
/* End PBXVariantGroup section */

/* Begin XCBuildConfiguration section */
		F02AC8B9294A111700152C07 /* Debug */ = {
			isa = XCBuildConfiguration;
			buildSettings = {
				ALWAYS_SEARCH_USER_PATHS = NO;
				CLANG_ANALYZER_LOCALIZABILITY_NONLOCALIZED = YES;
				CLANG_ANALYZER_NONNULL = YES;
				CLANG_ANALYZER_NUMBER_OBJECT_CONVERSION = YES_AGGRESSIVE;
				CLANG_CXX_LANGUAGE_STANDARD = "gnu++17";
				CLANG_ENABLE_MODULES = YES;
				CLANG_ENABLE_OBJC_ARC = YES;
				CLANG_ENABLE_OBJC_WEAK = YES;
				CLANG_WARN_BLOCK_CAPTURE_AUTORELEASING = YES;
				CLANG_WARN_BOOL_CONVERSION = YES;
				CLANG_WARN_COMMA = YES;
				CLANG_WARN_CONSTANT_CONVERSION = YES;
				CLANG_WARN_DEPRECATED_OBJC_IMPLEMENTATIONS = YES;
				CLANG_WARN_DIRECT_OBJC_ISA_USAGE = YES_ERROR;
				CLANG_WARN_DOCUMENTATION_COMMENTS = YES;
				CLANG_WARN_EMPTY_BODY = YES;
				CLANG_WARN_ENUM_CONVERSION = YES;
				CLANG_WARN_INFINITE_RECURSION = YES;
				CLANG_WARN_INT_CONVERSION = YES;
				CLANG_WARN_NON_LITERAL_NULL_CONVERSION = YES;
				CLANG_WARN_OBJC_IMPLICIT_RETAIN_SELF = YES;
				CLANG_WARN_OBJC_LITERAL_CONVERSION = YES;
				CLANG_WARN_OBJC_ROOT_CLASS = YES_ERROR;
				CLANG_WARN_QUOTED_INCLUDE_IN_FRAMEWORK_HEADER = YES;
				CLANG_WARN_RANGE_LOOP_ANALYSIS = YES;
				CLANG_WARN_STRICT_PROTOTYPES = YES;
				CLANG_WARN_SUSPICIOUS_MOVE = YES;
				CLANG_WARN_UNGUARDED_AVAILABILITY = YES_AGGRESSIVE;
				CLANG_WARN_UNREACHABLE_CODE = YES;
				CLANG_WARN__DUPLICATE_METHOD_MATCH = YES;
				COPY_PHASE_STRIP = NO;
				DEBUG_INFORMATION_FORMAT = dwarf;
				ENABLE_STRICT_OBJC_MSGSEND = YES;
				ENABLE_TESTABILITY = YES;
				GCC_C_LANGUAGE_STANDARD = gnu11;
				GCC_DYNAMIC_NO_PIC = NO;
				GCC_NO_COMMON_BLOCKS = YES;
				GCC_OPTIMIZATION_LEVEL = 0;
				GCC_PREPROCESSOR_DEFINITIONS = (
					"DEBUG=1",
					"$(inherited)",
				);
				GCC_WARN_64_TO_32_BIT_CONVERSION = YES;
				GCC_WARN_ABOUT_RETURN_TYPE = YES_ERROR;
				GCC_WARN_UNDECLARED_SELECTOR = YES;
				GCC_WARN_UNINITIALIZED_AUTOS = YES_AGGRESSIVE;
				GCC_WARN_UNUSED_FUNCTION = YES;
				GCC_WARN_UNUSED_VARIABLE = YES;
				IPHONEOS_DEPLOYMENT_TARGET = 15.5;
				MTL_ENABLE_DEBUG_INFO = INCLUDE_SOURCE;
				MTL_FAST_MATH = YES;
				ONLY_ACTIVE_ARCH = YES;
				SDKROOT = iphoneos;
				SWIFT_ACTIVE_COMPILATION_CONDITIONS = DEBUG;
				SWIFT_OPTIMIZATION_LEVEL = "-Onone";
			};
			name = Debug;
		};
		F02AC8BA294A111700152C07 /* Release */ = {
			isa = XCBuildConfiguration;
			buildSettings = {
				ALWAYS_SEARCH_USER_PATHS = NO;
				CLANG_ANALYZER_LOCALIZABILITY_NONLOCALIZED = YES;
				CLANG_ANALYZER_NONNULL = YES;
				CLANG_ANALYZER_NUMBER_OBJECT_CONVERSION = YES_AGGRESSIVE;
				CLANG_CXX_LANGUAGE_STANDARD = "gnu++17";
				CLANG_ENABLE_MODULES = YES;
				CLANG_ENABLE_OBJC_ARC = YES;
				CLANG_ENABLE_OBJC_WEAK = YES;
				CLANG_WARN_BLOCK_CAPTURE_AUTORELEASING = YES;
				CLANG_WARN_BOOL_CONVERSION = YES;
				CLANG_WARN_COMMA = YES;
				CLANG_WARN_CONSTANT_CONVERSION = YES;
				CLANG_WARN_DEPRECATED_OBJC_IMPLEMENTATIONS = YES;
				CLANG_WARN_DIRECT_OBJC_ISA_USAGE = YES_ERROR;
				CLANG_WARN_DOCUMENTATION_COMMENTS = YES;
				CLANG_WARN_EMPTY_BODY = YES;
				CLANG_WARN_ENUM_CONVERSION = YES;
				CLANG_WARN_INFINITE_RECURSION = YES;
				CLANG_WARN_INT_CONVERSION = YES;
				CLANG_WARN_NON_LITERAL_NULL_CONVERSION = YES;
				CLANG_WARN_OBJC_IMPLICIT_RETAIN_SELF = YES;
				CLANG_WARN_OBJC_LITERAL_CONVERSION = YES;
				CLANG_WARN_OBJC_ROOT_CLASS = YES_ERROR;
				CLANG_WARN_QUOTED_INCLUDE_IN_FRAMEWORK_HEADER = YES;
				CLANG_WARN_RANGE_LOOP_ANALYSIS = YES;
				CLANG_WARN_STRICT_PROTOTYPES = YES;
				CLANG_WARN_SUSPICIOUS_MOVE = YES;
				CLANG_WARN_UNGUARDED_AVAILABILITY = YES_AGGRESSIVE;
				CLANG_WARN_UNREACHABLE_CODE = YES;
				CLANG_WARN__DUPLICATE_METHOD_MATCH = YES;
				COPY_PHASE_STRIP = NO;
				DEBUG_INFORMATION_FORMAT = "dwarf-with-dsym";
				ENABLE_NS_ASSERTIONS = NO;
				ENABLE_STRICT_OBJC_MSGSEND = YES;
				GCC_C_LANGUAGE_STANDARD = gnu11;
				GCC_NO_COMMON_BLOCKS = YES;
				GCC_WARN_64_TO_32_BIT_CONVERSION = YES;
				GCC_WARN_ABOUT_RETURN_TYPE = YES_ERROR;
				GCC_WARN_UNDECLARED_SELECTOR = YES;
				GCC_WARN_UNINITIALIZED_AUTOS = YES_AGGRESSIVE;
				GCC_WARN_UNUSED_FUNCTION = YES;
				GCC_WARN_UNUSED_VARIABLE = YES;
				IPHONEOS_DEPLOYMENT_TARGET = 15.5;
				MTL_ENABLE_DEBUG_INFO = NO;
				MTL_FAST_MATH = YES;
				SDKROOT = iphoneos;
				SWIFT_COMPILATION_MODE = wholemodule;
				SWIFT_OPTIMIZATION_LEVEL = "-O";
				VALIDATE_PRODUCT = YES;
			};
			name = Release;
		};
		F02AC8BC294A111700152C07 /* Debug */ = {
			isa = XCBuildConfiguration;
			buildSettings = {
				ASSETCATALOG_COMPILER_APPICON_NAME = AppIcon;
				ASSETCATALOG_COMPILER_GLOBAL_ACCENT_COLOR_NAME = AccentColor;
				CODE_SIGN_STYLE = Automatic;
				CURRENT_PROJECT_VERSION = 1;
				DEVELOPMENT_TEAM = TRZFVT4Q63;
				GENERATE_INFOPLIST_FILE = YES;
				INFOPLIST_FILE = Kawakeb/Info.plist;
				INFOPLIST_KEY_UIApplicationSupportsIndirectInputEvents = YES;
				INFOPLIST_KEY_UILaunchStoryboardName = LaunchScreen;
				INFOPLIST_KEY_UIMainStoryboardFile = Main;
				INFOPLIST_KEY_UISupportedInterfaceOrientations_iPad = "UIInterfaceOrientationPortrait UIInterfaceOrientationPortraitUpsideDown UIInterfaceOrientationLandscapeLeft UIInterfaceOrientationLandscapeRight";
				INFOPLIST_KEY_UISupportedInterfaceOrientations_iPhone = "UIInterfaceOrientationPortrait UIInterfaceOrientationLandscapeLeft UIInterfaceOrientationLandscapeRight";
				LD_RUNPATH_SEARCH_PATHS = (
					"$(inherited)",
					"@executable_path/Frameworks",
				);
				MARKETING_VERSION = 1.0;
				PRODUCT_BUNDLE_IDENTIFIER = "com.example.-SwiftDemo.Kawakeb";
				PRODUCT_NAME = "$(TARGET_NAME)";
				SWIFT_EMIT_LOC_STRINGS = YES;
				SWIFT_VERSION = 5.0;
				TARGETED_DEVICE_FAMILY = "1,2";
			};
			name = Debug;
		};
		F02AC8BD294A111700152C07 /* Release */ = {
			isa = XCBuildConfiguration;
			buildSettings = {
				ASSETCATALOG_COMPILER_APPICON_NAME = AppIcon;
				ASSETCATALOG_COMPILER_GLOBAL_ACCENT_COLOR_NAME = AccentColor;
				CODE_SIGN_STYLE = Automatic;
				CURRENT_PROJECT_VERSION = 1;
				DEVELOPMENT_TEAM = TRZFVT4Q63;
				GENERATE_INFOPLIST_FILE = YES;
				INFOPLIST_FILE = Kawakeb/Info.plist;
				INFOPLIST_KEY_UIApplicationSupportsIndirectInputEvents = YES;
				INFOPLIST_KEY_UILaunchStoryboardName = LaunchScreen;
				INFOPLIST_KEY_UIMainStoryboardFile = Main;
				INFOPLIST_KEY_UISupportedInterfaceOrientations_iPad = "UIInterfaceOrientationPortrait UIInterfaceOrientationPortraitUpsideDown UIInterfaceOrientationLandscapeLeft UIInterfaceOrientationLandscapeRight";
				INFOPLIST_KEY_UISupportedInterfaceOrientations_iPhone = "UIInterfaceOrientationPortrait UIInterfaceOrientationLandscapeLeft UIInterfaceOrientationLandscapeRight";
				LD_RUNPATH_SEARCH_PATHS = (
					"$(inherited)",
					"@executable_path/Frameworks",
				);
				MARKETING_VERSION = 1.0;
				PRODUCT_BUNDLE_IDENTIFIER = "com.example.-SwiftDemo.Kawakeb";
				PRODUCT_NAME = "$(TARGET_NAME)";
				SWIFT_EMIT_LOC_STRINGS = YES;
				SWIFT_VERSION = 5.0;
				TARGETED_DEVICE_FAMILY = "1,2";
			};
			name = Release;
		};
		F02AC8BF294A111700152C07 /* Debug */ = {
			isa = XCBuildConfiguration;
			buildSettings = {
				ALWAYS_EMBED_SWIFT_STANDARD_LIBRARIES = YES;
				BUNDLE_LOADER = "$(TEST_HOST)";
				CODE_SIGN_STYLE = Automatic;
				CURRENT_PROJECT_VERSION = 1;
				DEVELOPMENT_TEAM = TRZFVT4Q63;
				GENERATE_INFOPLIST_FILE = YES;
				IPHONEOS_DEPLOYMENT_TARGET = 15.5;
				MARKETING_VERSION = 1.0;
				PRODUCT_BUNDLE_IDENTIFIER = "com.example.-SwiftDemo.KawakebTests";
				PRODUCT_NAME = "$(TARGET_NAME)";
				SWIFT_EMIT_LOC_STRINGS = NO;
				SWIFT_VERSION = 5.0;
				TARGETED_DEVICE_FAMILY = "1,2";
				TEST_HOST = "$(BUILT_PRODUCTS_DIR)/Kawakeb.app/Kawakeb";
			};
			name = Debug;
		};
		F02AC8C0294A111700152C07 /* Release */ = {
			isa = XCBuildConfiguration;
			buildSettings = {
				ALWAYS_EMBED_SWIFT_STANDARD_LIBRARIES = YES;
				BUNDLE_LOADER = "$(TEST_HOST)";
				CODE_SIGN_STYLE = Automatic;
				CURRENT_PROJECT_VERSION = 1;
				DEVELOPMENT_TEAM = K9TPRSV2Z7;
				GENERATE_INFOPLIST_FILE = YES;
				IPHONEOS_DEPLOYMENT_TARGET = 15.5;
				MARKETING_VERSION = 1.0;
				PRODUCT_BUNDLE_IDENTIFIER = "com.example.-SwiftDemo.KawakebTests";
				PRODUCT_NAME = "$(TARGET_NAME)";
				SWIFT_EMIT_LOC_STRINGS = NO;
				SWIFT_VERSION = 5.0;
				TARGETED_DEVICE_FAMILY = "1,2";
				TEST_HOST = "$(BUILT_PRODUCTS_DIR)/Kawakeb.app/Kawakeb";
			};
			name = Release;
		};
		F02AC8C2294A111700152C07 /* Debug */ = {
			isa = XCBuildConfiguration;
			buildSettings = {
				ALWAYS_EMBED_SWIFT_STANDARD_LIBRARIES = YES;
				CODE_SIGN_STYLE = Automatic;
				CURRENT_PROJECT_VERSION = 1;
				DEVELOPMENT_TEAM = TRZFVT4Q63;
				GENERATE_INFOPLIST_FILE = YES;
				MARKETING_VERSION = 1.0;
				PRODUCT_BUNDLE_IDENTIFIER = "com.example.-SwiftDemo.KawakebUITests";
				PRODUCT_NAME = "$(TARGET_NAME)";
				SWIFT_EMIT_LOC_STRINGS = NO;
				SWIFT_VERSION = 5.0;
				TARGETED_DEVICE_FAMILY = "1,2";
				TEST_TARGET_NAME = Kawakeb;
			};
			name = Debug;
		};
		F02AC8C3294A111700152C07 /* Release */ = {
			isa = XCBuildConfiguration;
			buildSettings = {
				ALWAYS_EMBED_SWIFT_STANDARD_LIBRARIES = YES;
				CODE_SIGN_STYLE = Automatic;
				CURRENT_PROJECT_VERSION = 1;
				DEVELOPMENT_TEAM = TRZFVT4Q63;
				GENERATE_INFOPLIST_FILE = YES;
				MARKETING_VERSION = 1.0;
				PRODUCT_BUNDLE_IDENTIFIER = "com.example.-SwiftDemo.KawakebUITests";
				PRODUCT_NAME = "$(TARGET_NAME)";
				SWIFT_EMIT_LOC_STRINGS = NO;
				SWIFT_VERSION = 5.0;
				TARGETED_DEVICE_FAMILY = "1,2";
				TEST_TARGET_NAME = Kawakeb;
			};
			name = Release;
		};
/* End XCBuildConfiguration section */

/* Begin XCConfigurationList section */
		F02AC88C294A111300152C07 /* Build configuration list for PBXProject "Kawakeb" */ = {
			isa = XCConfigurationList;
			buildConfigurations = (
				F02AC8B9294A111700152C07 /* Debug */,
				F02AC8BA294A111700152C07 /* Release */,
			);
			defaultConfigurationIsVisible = 0;
			defaultConfigurationName = Release;
		};
		F02AC8BB294A111700152C07 /* Build configuration list for PBXNativeTarget "Kawakeb" */ = {
			isa = XCConfigurationList;
			buildConfigurations = (
				F02AC8BC294A111700152C07 /* Debug */,
				F02AC8BD294A111700152C07 /* Release */,
			);
			defaultConfigurationIsVisible = 0;
			defaultConfigurationName = Release;
		};
		F02AC8BE294A111700152C07 /* Build configuration list for PBXNativeTarget "KawakebTests" */ = {
			isa = XCConfigurationList;
			buildConfigurations = (
				F02AC8BF294A111700152C07 /* Debug */,
				F02AC8C0294A111700152C07 /* Release */,
			);
			defaultConfigurationIsVisible = 0;
			defaultConfigurationName = Release;
		};
		F02AC8C1294A111700152C07 /* Build configuration list for PBXNativeTarget "KawakebUITests" */ = {
			isa = XCConfigurationList;
			buildConfigurations = (
				F02AC8C2294A111700152C07 /* Debug */,
				F02AC8C3294A111700152C07 /* Release */,
			);
			defaultConfigurationIsVisible = 0;
			defaultConfigurationName = Release;
		};
/* End XCConfigurationList section */

/* Begin XCRemoteSwiftPackageReference section */
		5610D8EC2953B11100E046FC /* XCRemoteSwiftPackageReference "CodableFirebase" */ = {
			isa = XCRemoteSwiftPackageReference;
			repositoryURL = "https://github.com/alickbass/CodableFirebase";
			requirement = {
				branch = master;
				kind = branch;
			};
		};
		F02AC8C6294A12E600152C07 /* XCRemoteSwiftPackageReference "firebase-ios-sdk" */ = {
			isa = XCRemoteSwiftPackageReference;
			repositoryURL = "https://github.com/firebase/firebase-ios-sdk";
			requirement = {
				kind = upToNextMajorVersion;
				minimumVersion = 9.0.0;
			};
		};
/* End XCRemoteSwiftPackageReference section */

/* Begin XCSwiftPackageProductDependency section */
		5610D8ED2953B11100E046FC /* CodableFirebase */ = {
			isa = XCSwiftPackageProductDependency;
			package = 5610D8EC2953B11100E046FC /* XCRemoteSwiftPackageReference "CodableFirebase" */;
			productName = CodableFirebase;
		};
		F02AC8C7294A12E600152C07 /* FirebaseAnalytics */ = {
			isa = XCSwiftPackageProductDependency;
			package = F02AC8C6294A12E600152C07 /* XCRemoteSwiftPackageReference "firebase-ios-sdk" */;
			productName = FirebaseAnalytics;
		};
		F02AC8C9294A12E600152C07 /* FirebaseAnalyticsOnDeviceConversion */ = {
			isa = XCSwiftPackageProductDependency;
			package = F02AC8C6294A12E600152C07 /* XCRemoteSwiftPackageReference "firebase-ios-sdk" */;
			productName = FirebaseAnalyticsOnDeviceConversion;
		};
		F02AC8CB294A12E600152C07 /* FirebaseAnalyticsSwift */ = {
			isa = XCSwiftPackageProductDependency;
			package = F02AC8C6294A12E600152C07 /* XCRemoteSwiftPackageReference "firebase-ios-sdk" */;
			productName = FirebaseAnalyticsSwift;
		};
		F02AC8CD294A12E600152C07 /* FirebaseAnalyticsWithoutAdIdSupport */ = {
			isa = XCSwiftPackageProductDependency;
			package = F02AC8C6294A12E600152C07 /* XCRemoteSwiftPackageReference "firebase-ios-sdk" */;
			productName = FirebaseAnalyticsWithoutAdIdSupport;
		};
		F02AC8CF294A12E600152C07 /* FirebaseAppCheck */ = {
			isa = XCSwiftPackageProductDependency;
			package = F02AC8C6294A12E600152C07 /* XCRemoteSwiftPackageReference "firebase-ios-sdk" */;
			productName = FirebaseAppCheck;
		};
		F02AC8D1294A12E600152C07 /* FirebaseAppDistribution-Beta */ = {
			isa = XCSwiftPackageProductDependency;
			package = F02AC8C6294A12E600152C07 /* XCRemoteSwiftPackageReference "firebase-ios-sdk" */;
			productName = "FirebaseAppDistribution-Beta";
		};
		F02AC8D3294A12E600152C07 /* FirebaseAuth */ = {
			isa = XCSwiftPackageProductDependency;
			package = F02AC8C6294A12E600152C07 /* XCRemoteSwiftPackageReference "firebase-ios-sdk" */;
			productName = FirebaseAuth;
		};
		F02AC8D5294A12E600152C07 /* FirebaseAuthCombine-Community */ = {
			isa = XCSwiftPackageProductDependency;
			package = F02AC8C6294A12E600152C07 /* XCRemoteSwiftPackageReference "firebase-ios-sdk" */;
			productName = "FirebaseAuthCombine-Community";
		};
		F02AC8D7294A12E600152C07 /* FirebaseCrashlytics */ = {
			isa = XCSwiftPackageProductDependency;
			package = F02AC8C6294A12E600152C07 /* XCRemoteSwiftPackageReference "firebase-ios-sdk" */;
			productName = FirebaseCrashlytics;
		};
		F02AC8D9294A12E600152C07 /* FirebaseDatabase */ = {
			isa = XCSwiftPackageProductDependency;
			package = F02AC8C6294A12E600152C07 /* XCRemoteSwiftPackageReference "firebase-ios-sdk" */;
			productName = FirebaseDatabase;
		};
		F02AC8DB294A12E600152C07 /* FirebaseDatabaseSwift */ = {
			isa = XCSwiftPackageProductDependency;
			package = F02AC8C6294A12E600152C07 /* XCRemoteSwiftPackageReference "firebase-ios-sdk" */;
			productName = FirebaseDatabaseSwift;
		};
		F02AC8DD294A12E600152C07 /* FirebaseDynamicLinks */ = {
			isa = XCSwiftPackageProductDependency;
			package = F02AC8C6294A12E600152C07 /* XCRemoteSwiftPackageReference "firebase-ios-sdk" */;
			productName = FirebaseDynamicLinks;
		};
		F02AC8DF294A12E600152C07 /* FirebaseFirestore */ = {
			isa = XCSwiftPackageProductDependency;
			package = F02AC8C6294A12E600152C07 /* XCRemoteSwiftPackageReference "firebase-ios-sdk" */;
			productName = FirebaseFirestore;
		};
		F02AC8E1294A12E600152C07 /* FirebaseFirestoreCombine-Community */ = {
			isa = XCSwiftPackageProductDependency;
			package = F02AC8C6294A12E600152C07 /* XCRemoteSwiftPackageReference "firebase-ios-sdk" */;
			productName = "FirebaseFirestoreCombine-Community";
		};
		F02AC8E3294A12E600152C07 /* FirebaseFirestoreSwift */ = {
			isa = XCSwiftPackageProductDependency;
			package = F02AC8C6294A12E600152C07 /* XCRemoteSwiftPackageReference "firebase-ios-sdk" */;
			productName = FirebaseFirestoreSwift;
		};
		F02AC8E5294A12E600152C07 /* FirebaseFunctions */ = {
			isa = XCSwiftPackageProductDependency;
			package = F02AC8C6294A12E600152C07 /* XCRemoteSwiftPackageReference "firebase-ios-sdk" */;
			productName = FirebaseFunctions;
		};
		F02AC8E7294A12E600152C07 /* FirebaseFunctionsCombine-Community */ = {
			isa = XCSwiftPackageProductDependency;
			package = F02AC8C6294A12E600152C07 /* XCRemoteSwiftPackageReference "firebase-ios-sdk" */;
			productName = "FirebaseFunctionsCombine-Community";
		};
		F02AC8E9294A12E600152C07 /* FirebaseInAppMessaging-Beta */ = {
			isa = XCSwiftPackageProductDependency;
			package = F02AC8C6294A12E600152C07 /* XCRemoteSwiftPackageReference "firebase-ios-sdk" */;
			productName = "FirebaseInAppMessaging-Beta";
		};
		F02AC8EB294A12E600152C07 /* FirebaseInAppMessagingSwift-Beta */ = {
			isa = XCSwiftPackageProductDependency;
			package = F02AC8C6294A12E600152C07 /* XCRemoteSwiftPackageReference "firebase-ios-sdk" */;
			productName = "FirebaseInAppMessagingSwift-Beta";
		};
		F02AC8ED294A12E600152C07 /* FirebaseInstallations */ = {
			isa = XCSwiftPackageProductDependency;
			package = F02AC8C6294A12E600152C07 /* XCRemoteSwiftPackageReference "firebase-ios-sdk" */;
			productName = FirebaseInstallations;
		};
		F02AC8EF294A12E600152C07 /* FirebaseMLModelDownloader */ = {
			isa = XCSwiftPackageProductDependency;
			package = F02AC8C6294A12E600152C07 /* XCRemoteSwiftPackageReference "firebase-ios-sdk" */;
			productName = FirebaseMLModelDownloader;
		};
		F02AC8F1294A12E600152C07 /* FirebaseMessaging */ = {
			isa = XCSwiftPackageProductDependency;
			package = F02AC8C6294A12E600152C07 /* XCRemoteSwiftPackageReference "firebase-ios-sdk" */;
			productName = FirebaseMessaging;
		};
		F02AC8F3294A12E600152C07 /* FirebasePerformance */ = {
			isa = XCSwiftPackageProductDependency;
			package = F02AC8C6294A12E600152C07 /* XCRemoteSwiftPackageReference "firebase-ios-sdk" */;
			productName = FirebasePerformance;
		};
		F02AC8F5294A12E600152C07 /* FirebaseRemoteConfig */ = {
			isa = XCSwiftPackageProductDependency;
			package = F02AC8C6294A12E600152C07 /* XCRemoteSwiftPackageReference "firebase-ios-sdk" */;
			productName = FirebaseRemoteConfig;
		};
		F02AC8F7294A12E600152C07 /* FirebaseRemoteConfigSwift */ = {
			isa = XCSwiftPackageProductDependency;
			package = F02AC8C6294A12E600152C07 /* XCRemoteSwiftPackageReference "firebase-ios-sdk" */;
			productName = FirebaseRemoteConfigSwift;
		};
		F02AC8F9294A12E600152C07 /* FirebaseStorage */ = {
			isa = XCSwiftPackageProductDependency;
			package = F02AC8C6294A12E600152C07 /* XCRemoteSwiftPackageReference "firebase-ios-sdk" */;
			productName = FirebaseStorage;
		};
		F02AC8FB294A12E600152C07 /* FirebaseStorageCombine-Community */ = {
			isa = XCSwiftPackageProductDependency;
			package = F02AC8C6294A12E600152C07 /* XCRemoteSwiftPackageReference "firebase-ios-sdk" */;
			productName = "FirebaseStorageCombine-Community";
		};
/* End XCSwiftPackageProductDependency section */
	};
	rootObject = F02AC889294A111300152C07 /* Project object */;
}
